{
  "nodes": {
    "nixpkgs": {
      "locked": {
        "lastModified": 1698434055,
        "narHash": "sha256-Phxi5mUKSoL7A0IYUiYtkI9e8NcGaaV5PJEaJApU1Ko=",
        "owner": "nixos",
        "repo": "nixpkgs",
        "rev": "1a3c95e3b23b3cdb26750621c08cc2f1560cb883",
        "type": "github"
      },
      "original": {
        "owner": "nixos",
        "ref": "nixos-23.05",
        "repo": "nixpkgs",
        "type": "github"
      }
    },
    "repo": {
      "flake": false,
      "locked": {
        "lastModified": 1638899490,
        "narHash": "sha256-5dDlVfFU9X7WFB+4wmRg50RyEU/9z2bZGeZsc0jz73o=",
        "owner": "InstinctEx",
        "repo": "lenovo-ideapad-legion-keyboard-led",
        "rev": "57f82880364e2cb3d09341b3c710dcf5f4d94e5c",
        "type": "github"
      },
      "original": {
        "owner": "InstinctEx",
        "repo": "lenovo-ideapad-legion-keyboard-led",
        "type": "github"
      }
    },
    "root": {
      "inputs": {
        "nixpkgs": "nixpkgs",
        "repo": "repo"
      }
    }
  },
  "root": "root",
  "version": 7
}
